
Microsoft Visual Studio Solution File, Format Version 12.00
# Visual Studio Version 17
VisualStudioVersion = 17.5.33414.496
MinimumVisualStudioVersion = 10.0.40219.1
Project("{9A19103F-16F7-4668-BE54-9A1E7A4F7556}") = "Hackathon", "Hackathon\Hackathon.csproj", "{4F351D9A-4B40-4636-96D2-A9C6801520CC}"
EndProject
Project("{FAE04EC0-301F-11D3-BF4B-00C04F79EFBC}") = "DumpDB", "DumpDB\DumpDB.csproj", "{6CCF3E30-6FC0-44B7-8212-F5641A6BD848}"
EndProject
Global
	GlobalSection(SolutionConfigurationPlatforms) = preSolution
		Debug|Any CPU = Debug|Any CPU
		Release|Any CPU = Release|Any CPU
	EndGlobalSection
	GlobalSection(ProjectConfigurationPlatforms) = postSolution
		{4F351D9A-4B40-4636-96D2-A9C6801520CC}.Debug|Any CPU.ActiveCfg = Debug|Any CPU
		{4F351D9A-4B40-4636-96D2-A9C6801520CC}.Debug|Any CPU.Build.0 = Debug|Any CPU
		{4F351D9A-4B40-4636-96D2-A9C6801520CC}.Release|Any CPU.ActiveCfg = Release|Any CPU
		{4F351D9A-4B40-4636-96D2-A9C6801520CC}.Release|Any CPU.Build.0 = Release|Any CPU
		{6CCF3E30-6FC0-44B7-8212-F5641A6BD848}.Debug|Any CPU.ActiveCfg = Debug|Any CPU
		{6CCF3E30-6FC0-44B7-8212-F5641A6BD848}.Debug|Any CPU.Build.0 = Debug|Any CPU
		{6CCF3E30-6FC0-44B7-8212-F5641A6BD848}.Release|Any CPU.ActiveCfg = Release|Any CPU
		{6CCF3E30-6FC0-44B7-8212-F5641A6BD848}.Release|Any CPU.Build.0 = Release|Any CPU
	EndGlobalSection
	GlobalSection(SolutionProperties) = preSolution
		HideSolutionNode = FALSE
	EndGlobalSection
	GlobalSection(ExtensibilityGlobals) = postSolution
		SolutionGuid = {09686B64-2AED-4E55-A4AD-9A7B9B92D8BC}
	EndGlobalSection
EndGlobal
